
Microsoft Visual Studio Solution File, Format Version 12.00
# Visual Studio Version 17
VisualStudioVersion = 17.6.33815.320
MinimumVisualStudioVersion = 10.0.40219.1
Project("{FAE04EC0-301F-11D3-BF4B-00C04F79EFBC}") = "DZ_1_Data types_ Operators", "DZ_1_Data types_ Operators\DZ_1_Data types_ Operators.csproj", "{4522F4B7-E1E5-49EB-81F7-568C7C3B7B3A}"
EndProject
Global
	GlobalSection(SolutionConfigurationPlatforms) = preSolution
		Debug|Any CPU = Debug|Any CPU
		Release|Any CPU = Release|Any CPU
	EndGlobalSection
	GlobalSection(ProjectConfigurationPlatforms) = postSolution
		{4522F4B7-E1E5-49EB-81F7-568C7C3B7B3A}.Debug|Any CPU.ActiveCfg = Debug|Any CPU
		{4522F4B7-E1E5-49EB-81F7-568C7C3B7B3A}.Debug|Any CPU.Build.0 = Debug|Any CPU
		{4522F4B7-E1E5-49EB-81F7-568C7C3B7B3A}.Release|Any CPU.ActiveCfg = Release|Any CPU
		{4522F4B7-E1E5-49EB-81F7-568C7C3B7B3A}.Release|Any CPU.Build.0 = Release|Any CPU
	EndGlobalSection
	GlobalSection(SolutionProperties) = preSolution
		HideSolutionNode = FALSE
	EndGlobalSection
	GlobalSection(ExtensibilityGlobals) = postSolution
		SolutionGuid = {57E20315-93E0-4540-A24B-D8B753352AA8}
	EndGlobalSection
EndGlobal
